
Microsoft Visual Studio Solution File, Format Version 12.00
# Visual Studio Version 16
VisualStudioVersion = 16.0.32002.261
MinimumVisualStudioVersion = 10.0.40219.1
Project("{9A19103F-16F7-4668-BE54-9A1E7A4F7556}") = "Clip", "Clip\Clip.csproj", "{C551D650-B456-439E-8982-B521E2B995A9}"
EndProject
Global
	GlobalSection(SolutionConfigurationPlatforms) = preSolution
		Debug|Any CPU = Debug|Any CPU
		Release|Any CPU = Release|Any CPU
	EndGlobalSection
	GlobalSection(ProjectConfigurationPlatforms) = postSolution
		{C551D650-B456-439E-8982-B521E2B995A9}.Debug|Any CPU.ActiveCfg = Debug|Any CPU
		{C551D650-B456-439E-8982-B521E2B995A9}.Debug|Any CPU.Build.0 = Debug|Any CPU
		{C551D650-B456-439E-8982-B521E2B995A9}.Release|Any CPU.ActiveCfg = Release|Any CPU
		{C551D650-B456-439E-8982-B521E2B995A9}.Release|Any CPU.Build.0 = Release|Any CPU
	EndGlobalSection
	GlobalSection(SolutionProperties) = preSolution
		HideSolutionNode = FALSE
	EndGlobalSection
	GlobalSection(ExtensibilityGlobals) = postSolution
		SolutionGuid = {C3CC47F1-5624-4C39-A1F2-45C250D3013C}
	EndGlobalSection
EndGlobal
